
Microsoft Visual Studio Solution File, Format Version 12.00
# Visual Studio Version 17
VisualStudioVersion = 17.4.33205.214
MinimumVisualStudioVersion = 10.0.40219.1
Project("{FAE04EC0-301F-11D3-BF4B-00C04F79EFBC}") = "App4.Android", "App4\App4.Android\App4.Android.csproj", "{AE9A03E3-0B78-44EB-A762-08A34BC3B3F6}"
EndProject
Project("{FAE04EC0-301F-11D3-BF4B-00C04F79EFBC}") = "App4", "App4\App4\App4.csproj", "{A0FE97F7-6BA8-4B44-94D9-AAFE21E8A936}"
EndProject
Global
	GlobalSection(SolutionConfigurationPlatforms) = preSolution
		Debug|Any CPU = Debug|Any CPU
		Release|Any CPU = Release|Any CPU
	EndGlobalSection
	GlobalSection(ProjectConfigurationPlatforms) = postSolution
		{AE9A03E3-0B78-44EB-A762-08A34BC3B3F6}.Debug|Any CPU.ActiveCfg = Debug|Any CPU
		{AE9A03E3-0B78-44EB-A762-08A34BC3B3F6}.Debug|Any CPU.Build.0 = Debug|Any CPU
		{AE9A03E3-0B78-44EB-A762-08A34BC3B3F6}.Debug|Any CPU.Deploy.0 = Debug|Any CPU
		{AE9A03E3-0B78-44EB-A762-08A34BC3B3F6}.Release|Any CPU.ActiveCfg = Release|Any CPU
		{AE9A03E3-0B78-44EB-A762-08A34BC3B3F6}.Release|Any CPU.Build.0 = Release|Any CPU
		{AE9A03E3-0B78-44EB-A762-08A34BC3B3F6}.Release|Any CPU.Deploy.0 = Release|Any CPU
		{A0FE97F7-6BA8-4B44-94D9-AAFE21E8A936}.Debug|Any CPU.ActiveCfg = Debug|Any CPU
		{A0FE97F7-6BA8-4B44-94D9-AAFE21E8A936}.Debug|Any CPU.Build.0 = Debug|Any CPU
		{A0FE97F7-6BA8-4B44-94D9-AAFE21E8A936}.Debug|Any CPU.Deploy.0 = Debug|Any CPU
		{A0FE97F7-6BA8-4B44-94D9-AAFE21E8A936}.Release|Any CPU.ActiveCfg = Release|Any CPU
		{A0FE97F7-6BA8-4B44-94D9-AAFE21E8A936}.Release|Any CPU.Build.0 = Release|Any CPU
		{A0FE97F7-6BA8-4B44-94D9-AAFE21E8A936}.Release|Any CPU.Deploy.0 = Release|Any CPU
	EndGlobalSection
	GlobalSection(SolutionProperties) = preSolution
		HideSolutionNode = FALSE
	EndGlobalSection
	GlobalSection(ExtensibilityGlobals) = postSolution
		SolutionGuid = {75FFA292-48CE-4E4B-8729-30025186F628}
	EndGlobalSection
EndGlobal
